version = 1
revision = 1
requires-python = ">=3.13"

[[package]]
name = "colorama"
version = "0.4.6"
source = { registry = "https://pypi.org/simple" }
sdist = { url = "https://files.pythonhosted.org/packages/d8/53/6f443c9a4a8358a93a6792e2acffb9d9d5cb0a5cfd8802644b7b1c9a02e4/colorama-0.4.6.tar.gz", hash = "sha256:08695f5cb7ed6e0531a20572697297273c47b8cae5a63ffc6d6ed5c201be6e44", size = 27697 }
wheels = [
    { url = "https://files.pythonhosted.org/packages/d1/d6/3965ed04c63042e047cb6a3e6ed1a63a35087b6a609aa3a15ed8ac56c221/colorama-0.4.6-py2.py3-none-any.whl", hash = "sha256:4f1d9991f5acc0ca119f9d443620b77f9d6b33703e51011c16baf57afb285fc6", size = 25335 },
]

[[package]]
name = "coverage"
version = "7.9.1"
source = { registry = "https://pypi.org/simple" }
sdist = { url = "https://files.pythonhosted.org/packages/e7/e0/98670a80884f64578f0c22cd70c5e81a6e07b08167721c7487b4d70a7ca0/coverage-7.9.1.tar.gz", hash = "sha256:6cf43c78c4282708a28e466316935ec7489a9c487518a77fa68f716c67909cec", size = 813650 }
wheels = [
    { url = "https://files.pythonhosted.org/packages/d0/a7/a027970c991ca90f24e968999f7d509332daf6b8c3533d68633930aaebac/coverage-7.9.1-cp313-cp313-macosx_10_13_x86_64.whl", hash = "sha256:31324f18d5969feef7344a932c32428a2d1a3e50b15a6404e97cba1cc9b2c631", size = 212358 },
    { url = "https://files.pythonhosted.org/packages/f2/48/6aaed3651ae83b231556750280682528fea8ac7f1232834573472d83e459/coverage-7.9.1-cp313-cp313-macosx_11_0_arm64.whl", hash = "sha256:0c804506d624e8a20fb3108764c52e0eef664e29d21692afa375e0dd98dc384f", size = 212620 },
    { url = "https://files.pythonhosted.org/packages/6c/2a/f4b613f3b44d8b9f144847c89151992b2b6b79cbc506dee89ad0c35f209d/coverage-7.9.1-cp313-cp313-manylinux_2_17_aarch64.manylinux2014_aarch64.whl", hash = "sha256:ef64c27bc40189f36fcc50c3fb8f16ccda73b6a0b80d9bd6e6ce4cffcd810bbd", size = 245788 },
    { url = "https://files.pythonhosted.org/packages/04/d2/de4fdc03af5e4e035ef420ed26a703c6ad3d7a07aff2e959eb84e3b19ca8/coverage-7.9.1-cp313-cp313-manylinux_2_5_i686.manylinux1_i686.manylinux_2_17_i686.manylinux2014_i686.whl", hash = "sha256:d4fe2348cc6ec372e25adec0219ee2334a68d2f5222e0cba9c0d613394e12d86", size = 243001 },
    { url = "https://files.pythonhosted.org/packages/f5/e8/eed18aa5583b0423ab7f04e34659e51101135c41cd1dcb33ac1d7013a6d6/coverage-7.9.1-cp313-cp313-manylinux_2_5_x86_64.manylinux1_x86_64.manylinux_2_17_x86_64.manylinux2014_x86_64.whl", hash = "sha256:34ed2186fe52fcc24d4561041979a0dec69adae7bce2ae8d1c49eace13e55c43", size = 244985 },
    { url = "https://files.pythonhosted.org/packages/17/f8/ae9e5cce8885728c934eaa58ebfa8281d488ef2afa81c3dbc8ee9e6d80db/coverage-7.9.1-cp313-cp313-musllinux_1_2_aarch64.whl", hash = "sha256:25308bd3d00d5eedd5ae7d4357161f4df743e3c0240fa773ee1b0f75e6c7c0f1", size = 245152 },
    { url = "https://files.pythonhosted.org/packages/5a/c8/272c01ae792bb3af9b30fac14d71d63371db227980682836ec388e2c57c0/coverage-7.9.1-cp313-cp313-musllinux_1_2_i686.whl", hash = "sha256:73e9439310f65d55a5a1e0564b48e34f5369bee943d72c88378f2d576f5a5751", size = 243123 },
    { url = "https://files.pythonhosted.org/packages/8c/d0/2819a1e3086143c094ab446e3bdf07138527a7b88cb235c488e78150ba7a/coverage-7.9.1-cp313-cp313-musllinux_1_2_x86_64.whl", hash = "sha256:37ab6be0859141b53aa89412a82454b482c81cf750de4f29223d52268a86de67", size = 244506 },
    { url = "https://files.pythonhosted.org/packages/8b/4e/9f6117b89152df7b6112f65c7a4ed1f2f5ec8e60c4be8f351d91e7acc848/coverage-7.9.1-cp313-cp313-win32.whl", hash = "sha256:64bdd969456e2d02a8b08aa047a92d269c7ac1f47e0c977675d550c9a0863643", size = 214766 },
    { url = "https://files.pythonhosted.org/packages/27/0f/4b59f7c93b52c2c4ce7387c5a4e135e49891bb3b7408dcc98fe44033bbe0/coverage-7.9.1-cp313-cp313-win_amd64.whl", hash = "sha256:be9e3f68ca9edb897c2184ad0eee815c635565dbe7a0e7e814dc1f7cbab92c0a", size = 215568 },
    { url = "https://files.pythonhosted.org/packages/09/1e/9679826336f8c67b9c39a359352882b24a8a7aee48d4c9cad08d38d7510f/coverage-7.9.1-cp313-cp313-win_arm64.whl", hash = "sha256:1c503289ffef1d5105d91bbb4d62cbe4b14bec4d13ca225f9c73cde9bb46207d", size = 213939 },
    { url = "https://files.pythonhosted.org/packages/bb/5b/5c6b4e7a407359a2e3b27bf9c8a7b658127975def62077d441b93a30dbe8/coverage-7.9.1-cp313-cp313t-macosx_10_13_x86_64.whl", hash = "sha256:0b3496922cb5f4215bf5caaef4cf12364a26b0be82e9ed6d050f3352cf2d7ef0", size = 213079 },
    { url = "https://files.pythonhosted.org/packages/a2/22/1e2e07279fd2fd97ae26c01cc2186e2258850e9ec125ae87184225662e89/coverage-7.9.1-cp313-cp313t-macosx_11_0_arm64.whl", hash = "sha256:9565c3ab1c93310569ec0d86b017f128f027cab0b622b7af288696d7ed43a16d", size = 213299 },
    { url = "https://files.pythonhosted.org/packages/14/c0/4c5125a4b69d66b8c85986d3321520f628756cf524af810baab0790c7647/coverage-7.9.1-cp313-cp313t-manylinux_2_17_aarch64.manylinux2014_aarch64.whl", hash = "sha256:2241ad5dbf79ae1d9c08fe52b36d03ca122fb9ac6bca0f34439e99f8327ac89f", size = 256535 },
    { url = "https://files.pythonhosted.org/packages/81/8b/e36a04889dda9960be4263e95e777e7b46f1bb4fc32202612c130a20c4da/coverage-7.9.1-cp313-cp313t-manylinux_2_5_i686.manylinux1_i686.manylinux_2_17_i686.manylinux2014_i686.whl", hash = "sha256:3bb5838701ca68b10ebc0937dbd0eb81974bac54447c55cd58dea5bca8451029", size = 252756 },
    { url = "https://files.pythonhosted.org/packages/98/82/be04eff8083a09a4622ecd0e1f31a2c563dbea3ed848069e7b0445043a70/coverage-7.9.1-cp313-cp313t-manylinux_2_5_x86_64.manylinux1_x86_64.manylinux_2_17_x86_64.manylinux2014_x86_64.whl", hash = "sha256:b30a25f814591a8c0c5372c11ac8967f669b97444c47fd794926e175c4047ece", size = 254912 },
    { url = "https://files.pythonhosted.org/packages/0f/25/c26610a2c7f018508a5ab958e5b3202d900422cf7cdca7670b6b8ca4e8df/coverage-7.9.1-cp313-cp313t-musllinux_1_2_aarch64.whl", hash = "sha256:2d04b16a6062516df97969f1ae7efd0de9c31eb6ebdceaa0d213b21c0ca1a683", size = 256144 },
    { url = "https://files.pythonhosted.org/packages/c5/8b/fb9425c4684066c79e863f1e6e7ecebb49e3a64d9f7f7860ef1688c56f4a/coverage-7.9.1-cp313-cp313t-musllinux_1_2_i686.whl", hash = "sha256:7931b9e249edefb07cd6ae10c702788546341d5fe44db5b6108a25da4dca513f", size = 254257 },
    { url = "https://files.pythonhosted.org/packages/93/df/27b882f54157fc1131e0e215b0da3b8d608d9b8ef79a045280118a8f98fe/coverage-7.9.1-cp313-cp313t-musllinux_1_2_x86_64.whl", hash = "sha256:52e92b01041151bf607ee858e5a56c62d4b70f4dac85b8c8cb7fb8a351ab2c10", size = 255094 },
    { url = "https://files.pythonhosted.org/packages/41/5f/cad1c3dbed8b3ee9e16fa832afe365b4e3eeab1fb6edb65ebbf745eabc92/coverage-7.9.1-cp313-cp313t-win32.whl", hash = "sha256:684e2110ed84fd1ca5f40e89aa44adf1729dc85444004111aa01866507adf363", size = 215437 },
    { url = "https://files.pythonhosted.org/packages/99/4d/fad293bf081c0e43331ca745ff63673badc20afea2104b431cdd8c278b4c/coverage-7.9.1-cp313-cp313t-win_amd64.whl", hash = "sha256:437c576979e4db840539674e68c84b3cda82bc824dd138d56bead1435f1cb5d7", size = 216605 },
    { url = "https://files.pythonhosted.org/packages/1f/56/4ee027d5965fc7fc126d7ec1187529cc30cc7d740846e1ecb5e92d31b224/coverage-7.9.1-cp313-cp313t-win_arm64.whl", hash = "sha256:18a0912944d70aaf5f399e350445738a1a20b50fbea788f640751c2ed9208b6c", size = 214392 },
    { url = "https://files.pythonhosted.org/packages/08/b8/7ddd1e8ba9701dea08ce22029917140e6f66a859427406579fd8d0ca7274/coverage-7.9.1-py3-none-any.whl", hash = "sha256:66b974b145aa189516b6bf2d8423e888b742517d37872f6ee4c5be0073bd9a3c", size = 204000 },
]

[[package]]
name = "iniconfig"
version = "2.1.0"
source = { registry = "https://pypi.org/simple" }
sdist = { url = "https://files.pythonhosted.org/packages/f2/97/ebf4da567aa6827c909642694d71c9fcf53e5b504f2d96afea02718862f3/iniconfig-2.1.0.tar.gz", hash = "sha256:3abbd2e30b36733fee78f9c7f7308f2d0050e88f0087fd25c2645f63c773e1c7", size = 4793 }
wheels = [
    { url = "https://files.pythonhosted.org/packages/2c/e1/e6716421ea10d38022b952c159d5161ca1193197fb744506875fbb87ea7b/iniconfig-2.1.0-py3-none-any.whl", hash = "sha256:9deba5723312380e77435581c6bf4935c94cbfab9b1ed33ef8d238ea168eb760", size = 6050 },
]

[[package]]
name = "orjson"
version = "3.10.18"
source = { registry = "https://pypi.org/simple" }
sdist = { url = "https://files.pythonhosted.org/packages/81/0b/fea456a3ffe74e70ba30e01ec183a9b26bec4d497f61dcfce1b601059c60/orjson-3.10.18.tar.gz", hash = "sha256:e8da3947d92123eda795b68228cafe2724815621fe35e8e320a9e9593a4bcd53", size = 5422810 }
wheels = [
    { url = "https://files.pythonhosted.org/packages/04/f0/8aedb6574b68096f3be8f74c0b56d36fd94bcf47e6c7ed47a7bd1474aaa8/orjson-3.10.18-cp313-cp313-macosx_10_15_x86_64.macosx_11_0_arm64.macosx_10_15_universal2.whl", hash = "sha256:69c34b9441b863175cc6a01f2935de994025e773f814412030f269da4f7be147", size = 249087 },
    { url = "https://files.pythonhosted.org/packages/bc/f7/7118f965541aeac6844fcb18d6988e111ac0d349c9b80cda53583e758908/orjson-3.10.18-cp313-cp313-macosx_15_0_arm64.whl", hash = "sha256:1ebeda919725f9dbdb269f59bc94f861afbe2a27dce5608cdba2d92772364d1c", size = 133273 },
    { url = "https://files.pythonhosted.org/packages/fb/d9/839637cc06eaf528dd8127b36004247bf56e064501f68df9ee6fd56a88ee/orjson-3.10.18-cp313-cp313-manylinux_2_17_aarch64.manylinux2014_aarch64.whl", hash = "sha256:5adf5f4eed520a4959d29ea80192fa626ab9a20b2ea13f8f6dc58644f6927103", size = 136779 },
    { url = "https://files.pythonhosted.org/packages/2b/6d/f226ecfef31a1f0e7d6bf9a31a0bbaf384c7cbe3fce49cc9c2acc51f902a/orjson-3.10.18-cp313-cp313-manylinux_2_17_armv7l.manylinux2014_armv7l.whl", hash = "sha256:7592bb48a214e18cd670974f289520f12b7aed1fa0b2e2616b8ed9e069e08595", size = 132811 },
    { url = "https://files.pythonhosted.org/packages/73/2d/371513d04143c85b681cf8f3bce743656eb5b640cb1f461dad750ac4b4d4/orjson-3.10.18-cp313-cp313-manylinux_2_17_i686.manylinux2014_i686.whl", hash = "sha256:f872bef9f042734110642b7a11937440797ace8c87527de25e0c53558b579ccc", size = 137018 },
    { url = "https://files.pythonhosted.org/packages/69/cb/a4d37a30507b7a59bdc484e4a3253c8141bf756d4e13fcc1da760a0b00cb/orjson-3.10.18-cp313-cp313-manylinux_2_17_ppc64le.manylinux2014_ppc64le.whl", hash = "sha256:0315317601149c244cb3ecef246ef5861a64824ccbcb8018d32c66a60a84ffbc", size = 138368 },
    { url = "https://files.pythonhosted.org/packages/1e/ae/cd10883c48d912d216d541eb3db8b2433415fde67f620afe6f311f5cd2ca/orjson-3.10.18-cp313-cp313-manylinux_2_17_s390x.manylinux2014_s390x.whl", hash = "sha256:e0da26957e77e9e55a6c2ce2e7182a36a6f6b180ab7189315cb0995ec362e049", size = 142840 },
    { url = "https://files.pythonhosted.org/packages/6d/4c/2bda09855c6b5f2c055034c9eda1529967b042ff8d81a05005115c4e6772/orjson-3.10.18-cp313-cp313-manylinux_2_17_x86_64.manylinux2014_x86_64.whl", hash = "sha256:bb70d489bc79b7519e5803e2cc4c72343c9dc1154258adf2f8925d0b60da7c58", size = 133135 },
    { url = "https://files.pythonhosted.org/packages/13/4a/35971fd809a8896731930a80dfff0b8ff48eeb5d8b57bb4d0d525160017f/orjson-3.10.18-cp313-cp313-musllinux_1_2_aarch64.whl", hash = "sha256:e9e86a6af31b92299b00736c89caf63816f70a4001e750bda179e15564d7a034", size = 134810 },
    { url = "https://files.pythonhosted.org/packages/99/70/0fa9e6310cda98365629182486ff37a1c6578e34c33992df271a476ea1cd/orjson-3.10.18-cp313-cp313-musllinux_1_2_armv7l.whl", hash = "sha256:c382a5c0b5931a5fc5405053d36c1ce3fd561694738626c77ae0b1dfc0242ca1", size = 413491 },
    { url = "https://files.pythonhosted.org/packages/32/cb/990a0e88498babddb74fb97855ae4fbd22a82960e9b06eab5775cac435da/orjson-3.10.18-cp313-cp313-musllinux_1_2_i686.whl", hash = "sha256:8e4b2ae732431127171b875cb2668f883e1234711d3c147ffd69fe5be51a8012", size = 153277 },
    { url = "https://files.pythonhosted.org/packages/92/44/473248c3305bf782a384ed50dd8bc2d3cde1543d107138fd99b707480ca1/orjson-3.10.18-cp313-cp313-musllinux_1_2_x86_64.whl", hash = "sha256:2d808e34ddb24fc29a4d4041dcfafbae13e129c93509b847b14432717d94b44f", size = 137367 },
    { url = "https://files.pythonhosted.org/packages/ad/fd/7f1d3edd4ffcd944a6a40e9f88af2197b619c931ac4d3cfba4798d4d3815/orjson-3.10.18-cp313-cp313-win32.whl", hash = "sha256:ad8eacbb5d904d5591f27dee4031e2c1db43d559edb8f91778efd642d70e6bea", size = 142687 },
    { url = "https://files.pythonhosted.org/packages/4b/03/c75c6ad46be41c16f4cfe0352a2d1450546f3c09ad2c9d341110cd87b025/orjson-3.10.18-cp313-cp313-win_amd64.whl", hash = "sha256:aed411bcb68bf62e85588f2a7e03a6082cc42e5a2796e06e72a962d7c6310b52", size = 134794 },
    { url = "https://files.pythonhosted.org/packages/c2/28/f53038a5a72cc4fd0b56c1eafb4ef64aec9685460d5ac34de98ca78b6e29/orjson-3.10.18-cp313-cp313-win_arm64.whl", hash = "sha256:f54c1385a0e6aba2f15a40d703b858bedad36ded0491e55d35d905b2c34a4cc3", size = 131186 },
]

[[package]]
name = "packaging"
version = "25.0"
source = { registry = "https://pypi.org/simple" }
sdist = { url = "https://files.pythonhosted.org/packages/a1/d4/1fc4078c65507b51b96ca8f8c3ba19e6a61c8253c72794544580a7b6c24d/packaging-25.0.tar.gz", hash = "sha256:d443872c98d677bf60f6a1f2f8c1cb748e8fe762d2bf9d3148b5599295b0fc4f", size = 165727 }
wheels = [
    { url = "https://files.pythonhosted.org/packages/20/12/38679034af332785aac8774540895e234f4d07f7545804097de4b666afd8/packaging-25.0-py3-none-any.whl", hash = "sha256:29572ef2b1f17581046b3a2227d5c611fb25ec70ca1ba8554b24b0e69331a484", size = 66469 },
]

[[package]]
name = "pluggy"
version = "1.6.0"
source = { registry = "https://pypi.org/simple" }
sdist = { url = "https://files.pythonhosted.org/packages/f9/e2/3e91f31a7d2b083fe6ef3fa267035b518369d9511ffab804f839851d2779/pluggy-1.6.0.tar.gz", hash = "sha256:7dcc130b76258d33b90f61b658791dede3486c3e6bfb003ee5c9bfb396dd22f3", size = 69412 }
wheels = [
    { url = "https://files.pythonhosted.org/packages/54/20/4d324d65cc6d9205fabedc306948156824eb9f0ee1633355a8f7ec5c66bf/pluggy-1.6.0-py3-none-any.whl", hash = "sha256:e920276dd6813095e9377c0bc5566d94c932c33b27a3e3945d8389c374dd4746", size = 20538 },
]

[[package]]
name = "pygments"
version = "2.19.2"
source = { registry = "https://pypi.org/simple" }
sdist = { url = "https://files.pythonhosted.org/packages/b0/77/a5b8c569bf593b0140bde72ea885a803b82086995367bf2037de0159d924/pygments-2.19.2.tar.gz", hash = "sha256:636cb2477cec7f8952536970bc533bc43743542f70392ae026374600add5b887", size = 4968631 }
wheels = [
    { url = "https://files.pythonhosted.org/packages/c7/21/705964c7812476f378728bdf590ca4b771ec72385c533964653c68e86bdc/pygments-2.19.2-py3-none-any.whl", hash = "sha256:86540386c03d588bb81d44bc3928634ff26449851e99741617ecb9037ee5ec0b", size = 1225217 },
]

[[package]]
name = "pytest"
version = "8.4.1"
source = { registry = "https://pypi.org/simple" }
dependencies = [
    { name = "colorama", marker = "sys_platform == 'win32'" },
    { name = "iniconfig" },
    { name = "packaging" },
    { name = "pluggy" },
    { name = "pygments" },
]
sdist = { url = "https://files.pythonhosted.org/packages/08/ba/45911d754e8eba3d5a841a5ce61a65a685ff1798421ac054f85aa8747dfb/pytest-8.4.1.tar.gz", hash = "sha256:7c67fd69174877359ed9371ec3af8a3d2b04741818c51e5e99cc1742251fa93c", size = 1517714 }
wheels = [
    { url = "https://files.pythonhosted.org/packages/29/16/c8a903f4c4dffe7a12843191437d7cd8e32751d5de349d45d3fe69544e87/pytest-8.4.1-py3-none-any.whl", hash = "sha256:539c70ba6fcead8e78eebbf1115e8b589e7565830d7d006a8723f19ac8a0afb7", size = 365474 },
]

[[package]]
name = "pytest-cov"
version = "6.2.1"
source = { registry = "https://pypi.org/simple" }
dependencies = [
    { name = "coverage" },
    { name = "pluggy" },
    { name = "pytest" },
]
sdist = { url = "https://files.pythonhosted.org/packages/18/99/668cade231f434aaa59bbfbf49469068d2ddd945000621d3d165d2e7dd7b/pytest_cov-6.2.1.tar.gz", hash = "sha256:25cc6cc0a5358204b8108ecedc51a9b57b34cc6b8c967cc2c01a4e00d8a67da2", size = 69432 }
wheels = [
    { url = "https://files.pythonhosted.org/packages/bc/16/4ea354101abb1287856baa4af2732be351c7bee728065aed451b678153fd/pytest_cov-6.2.1-py3-none-any.whl", hash = "sha256:f5bc4c23f42f1cdd23c70b1dab1bbaef4fc505ba950d53e0081d0730dd7e86d5", size = 24644 },
]

[[package]]
name = "sagittadb"
version = "0.1.0"
source = { editable = "." }

[package.optional-dependencies]
dev = [
    { name = "pytest" },
    { name = "pytest-cov" },
]
orjson = [
    { name = "orjson" },
]

[package.dev-dependencies]
dev = [
    { name = "pytest" },
    { name = "pytest-cov" },
]

[package.metadata]
requires-dist = [
    { name = "orjson", marker = "extra == 'orjson'", specifier = ">=3.10.18" },
    { name = "pytest", marker = "extra == 'dev'", specifier = ">=7.0.0" },
    { name = "pytest-cov", marker = "extra == 'dev'", specifier = ">=4.0.0" },
]
provides-extras = ["orjson", "dev"]

[package.metadata.requires-dev]
dev = [
    { name = "pytest", specifier = ">=8.4.1" },
    { name = "pytest-cov", specifier = ">=6.2.1" },
]
